{
  "name": "dou-monitor",
  "version": "1.0.0",
  "lockfileVersion": 3,
  "requires": true,
  "packages": {
    "": {
      "name": "dou-monitor",
      "version": "1.0.0",
      "dependencies": {
        "csv-parse": "^6.2.1",
        "csv-stringify": "^6.7.0",
        "nodemailer": "^3.1.0"
      },
      "engines": {
        "node": ">=18"
      }
    },
    "node_modules/csv-parse": {
      "version": "6.2.1",
      "resolved": "https://registry.npmjs.org/csv-parse/-/csv-parse-6.2.1.tgz",
      "integrity": "sha512-LRLMV+UCyfMokp8Wb411duBf1gaBKJfOfBWU9eHMJ+b+cJYZsNu3AFmjJf3+yPGd59Exz1TsMjaSFyxnYB9+IQ==",
      "license": "MIT"
    },
    "node_modules/csv-stringify": {
      "version": "6.7.0",
      "resolved": "https://registry.npmjs.org/csv-stringify/-/csv-stringify-6.7.0.tgz",
      "integrity": "sha512-UdtziYp5HuTz7e5j8Nvq+a/3HQo+2/aJZ9xntNTpmRRIg/3YYqDVgiS9fvAhtNbnyfbv2ZBe0bqCHqzhE7FqWQ==",
      "license": "MIT"
    },
    "node_modules/nodemailer": {
      "version": "3.1.8",
      "resolved": "https://registry.npmjs.org/nodemailer/-/nodemailer-3.1.8.tgz",
      "integrity": "sha512-F8lol0IlDLVXvXRHiqdA1oW0U4M3VHo4F/ONGdD0KjOt2/gZDbw1XA/Zf79NkK6H9bsSY51MFCZBaENTKqUZ2g==",
      "deprecated": "All versions below 4.0.1 of Nodemailer are deprecated. See https://nodemailer.com/status/",
      "license": "EUPL-1.1",
      "engines": {
        "node": ">=6.0.0"
      }
    }
  }
}
